// !$*UTF8*$!
{
	archiveVersion = 1;
	classes = {
	};
	objectVersion = 46;
	objects = {

/* Begin PBXBuildFile section */
		6D832DF21A845BA400B8DB4F /* main.cpp in Sources */ = {isa = PBXBuildFile; fileRef = 6D832DF11A845BA400B8DB4F /* main.cpp */; };
		6D832DFA1A845CA800B8DB4F /* GLUT.framework in Frameworks */ = {isa = PBXBuildFile; fileRef = 6D832DF81A845CA800B8DB4F /* GLUT.framework */; };
		6D832DFB1A845CA800B8DB4F /* OpenGL.framework in Frameworks */ = {isa = PBXBuildFile; fileRef = 6D832DF91A845CA800B8DB4F /* OpenGL.framework */; };
/* End PBXBuildFile section */

/* Begin PBXCopyFilesBuildPhase section */
		6D832DEC1A845BA400B8DB4F /* CopyFiles */ = {
			isa = PBXCopyFilesBuildPhase;
			buildActionMask = 2147483647;
			dstPath = /usr/share/man/man1/;
			dstSubfolderSpec = 0;
			files = (
			);
			runOnlyForDeploymentPostprocessing = 1;
		};
/* End PBXCopyFilesBuildPhase section */

/* Begin PBXFileReference section */
		6D832DEE1A845BA400B8DB4F /* chapOpenGL_01_firstGL */ = {isa = PBXFileReference; explicitFileType = "compiled.mach-o.executable"; includeInIndex = 0; path = chapOpenGL_01_firstGL; sourceTree = BUILT_PRODUCTS_DIR; };
		6D832DF11A845BA400B8DB4F /* main.cpp */ = {isa = PBXFileReference; lastKnownFileType = sourcecode.cpp.cpp; path = main.cpp; sourceTree = "<group>"; };
		6D832DF81A845CA800B8DB4F /* GLUT.framework */ = {isa = PBXFileReference; lastKnownFileType = wrapper.framework; name = GLUT.framework; path = System/Library/Frameworks/GLUT.framework; sourceTree = SDKROOT; };
		6D832DF91A845CA800B8DB4F /* OpenGL.framework */ = {isa = PBXFileReference; lastKnownFileType = wrapper.framework; name = OpenGL.framework; path = System/Library/Frameworks/OpenGL.framework; sourceTree = SDKROOT; };
/* End PBXFileReference section */

/* Begin PBXFrameworksBuildPhase section */
		6D832DEB1A845BA400B8DB4F /* Frameworks */ = {
			isa = PBXFrameworksBuildPhase;
			buildActionMask = 2147483647;
			files = (
				6D832DFA1A845CA800B8DB4F /* GLUT.framework in Frameworks */,
				6D832DFB1A845CA800B8DB4F /* OpenGL.framework in Frameworks */,
			);
			runOnlyForDeploymentPostprocessing = 0;
		};
/* End PBXFrameworksBuildPhase section */

/* Begin PBXGroup section */
		6D832DE51A845BA400B8DB4F = {
			isa = PBXGroup;
			children = (
				6D832DF81A845CA800B8DB4F /* GLUT.framework */,
				6D832DF91A845CA800B8DB4F /* OpenGL.framework */,
				6D832DF01A845BA400B8DB4F /* chapIntro_01_firstGL */,
				6D832DEF1A845BA400B8DB4F /* Products */,
			);
			sourceTree = "<group>";
		};
		6D832DEF1A845BA400B8DB4F /* Products */ = {
			isa = PBXGroup;
			children = (
				6D832DEE1A845BA400B8DB4F /* chapOpenGL_01_firstGL */,
			);
			name = Products;
			sourceTree = "<group>";
		};
		6D832DF01A845BA400B8DB4F /* chapIntro_01_firstGL */ = {
			isa = PBXGroup;
			children = (
				6D832DF11A845BA400B8DB4F /* main.cpp */,
			);
			path = chapIntro_01_firstGL;
			sourceTree = "<group>";
		};
/* End PBXGroup section */

/* Begin PBXNativeTarget section */
		6D832DED1A845BA400B8DB4F /* chapOpenGL_01_firstGL */ = {
			isa = PBXNativeTarget;
			buildConfigurationList = 6D832DF51A845BA400B8DB4F /* Build configuration list for PBXNativeTarget "chapOpenGL_01_firstGL" */;
			buildPhases = (
				6D832DEA1A845BA400B8DB4F /* Sources */,
				6D832DEB1A845BA400B8DB4F /* Frameworks */,
				6D832DEC1A845BA400B8DB4F /* CopyFiles */,
			);
			buildRules = (
			);
			dependencies = (
			);
			name = chapOpenGL_01_firstGL;
			productName = chapIntro_01_firstGL;
			productReference = 6D832DEE1A845BA400B8DB4F /* chapOpenGL_01_firstGL */;
			productType = "com.apple.product-type.tool";
		};
/* End PBXNativeTarget section */

/* Begin PBXProject section */
		6D832DE61A845BA400B8DB4F /* Project object */ = {
			isa = PBXProject;
			attributes = {
				LastUpgradeCheck = 0610;
				ORGANIZATIONNAME = "young-min kang";
				TargetAttributes = {
					6D832DED1A845BA400B8DB4F = {
						CreatedOnToolsVersion = 6.1.1;
					};
				};
			};
			buildConfigurationList = 6D832DE91A845BA400B8DB4F /* Build configuration list for PBXProject "chapOpenGL_01_firstGL" */;
			compatibilityVersion = "Xcode 3.2";
			developmentRegion = English;
			hasScannedForEncodings = 0;
			knownRegions = (
				en,
			);
			mainGroup = 6D832DE51A845BA400B8DB4F;
			productRefGroup = 6D832DEF1A845BA400B8DB4F /* Products */;
			projectDirPath = "";
			projectRoot = "";
			targets = (
				6D832DED1A845BA400B8DB4F /* chapOpenGL_01_firstGL */,
			);
		};
/* End PBXProject section */

/* Begin PBXSourcesBuildPhase section */
		6D832DEA1A845BA400B8DB4F /* Sources */ = {
			isa = PBXSourcesBuildPhase;
			buildActionMask = 2147483647;
			files = (
				6D832DF21A845BA400B8DB4F /* main.cpp in Sources */,
			);
			runOnlyForDeploymentPostprocessing = 0;
		};
/* End PBXSourcesBuildPhase section */

/* Begin XCBuildConfiguration section */
		6D832DF31A845BA400B8DB4F /* Debug */ = {
			isa = XCBuildConfiguration;
			buildSettings = {
				ALWAYS_SEARCH_USER_PATHS = NO;
				CLANG_CXX_LANGUAGE_STANDARD = "gnu++0x";
				CLANG_CXX_LIBRARY = "libc++";
				CLANG_ENABLE_MODULES = YES;
				CLANG_ENABLE_OBJC_ARC = YES;
				CLANG_WARN_BOOL_CONVERSION = YES;
				CLANG_WARN_CONSTANT_CONVERSION = YES;
				CLANG_WARN_DIRECT_OBJC_ISA_USAGE = YES_ERROR;
				CLANG_WARN_EMPTY_BODY = YES;
				CLANG_WARN_ENUM_CONVERSION = YES;
				CLANG_WARN_INT_CONVERSION = YES;
				CLANG_WARN_OBJC_ROOT_CLASS = YES_ERROR;
				CLANG_WARN_UNREACHABLE_CODE = YES;
				CLANG_WARN__DUPLICATE_METHOD_MATCH = YES;
				COPY_PHASE_STRIP = NO;
				ENABLE_STRICT_OBJC_MSGSEND = YES;
				GCC_C_LANGUAGE_STANDARD = gnu99;
				GCC_DYNAMIC_NO_PIC = NO;
				GCC_OPTIMIZATION_LEVEL = 0;
				GCC_PREPROCESSOR_DEFINITIONS = (
					"DEBUG=1",
					"$(inherited)",
				);
				GCC_SYMBOLS_PRIVATE_EXTERN = NO;
				GCC_WARN_64_TO_32_BIT_CONVERSION = YES;
				GCC_WARN_ABOUT_RETURN_TYPE = YES_ERROR;
				GCC_WARN_UNDECLARED_SELECTOR = YES;
				GCC_WARN_UNINITIALIZED_AUTOS = YES_AGGRESSIVE;
				GCC_WARN_UNUSED_FUNCTION = YES;
				GCC_WARN_UNUSED_VARIABLE = YES;
				MACOSX_DEPLOYMENT_TARGET = 10.10;
				MTL_ENABLE_DEBUG_INFO = YES;
				ONLY_ACTIVE_ARCH = YES;
				SDKROOT = macosx;
			};
			name = Debug;
		};
		6D832DF41A845BA400B8DB4F /* Release */ = {
			isa = XCBuildConfiguration;
			buildSettings = {
				ALWAYS_SEARCH_USER_PATHS = NO;
				CLANG_CXX_LANGUAGE_STANDARD = "gnu++0x";
				CLANG_CXX_LIBRARY = "libc++";
				CLANG_ENABLE_MODULES = YES;
				CLANG_ENABLE_OBJC_ARC = YES;
				CLANG_WARN_BOOL_CONVERSION = YES;
				CLANG_WARN_CONSTANT_CONVERSION = YES;
				CLANG_WARN_DIRECT_OBJC_ISA_USAGE = YES_ERROR;
				CLANG_WARN_EMPTY_BODY = YES;
				CLANG_WARN_ENUM_CONVERSION = YES;
				CLANG_WARN_INT_CONVERSION = YES;
				CLANG_WARN_OBJC_ROOT_CLASS = YES_ERROR;
				CLANG_WARN_UNREACHABLE_CODE = YES;
				CLANG_WARN__DUPLICATE_METHOD_MATCH = YES;
				COPY_PHASE_STRIP = YES;
				DEBUG_INFORMATION_FORMAT = "dwarf-with-dsym";
				ENABLE_NS_ASSERTIONS = NO;
				ENABLE_STRICT_OBJC_MSGSEND = YES;
				GCC_C_LANGUAGE_STANDARD = gnu99;
				GCC_WARN_64_TO_32_BIT_CONVERSION = YES;
				GCC_WARN_ABOUT_RETURN_TYPE = YES_ERROR;
				GCC_WARN_UNDECLARED_SELECTOR = YES;
				GCC_WARN_UNINITIALIZED_AUTOS = YES_AGGRESSIVE;
				GCC_WARN_UNUSED_FUNCTION = YES;
				GCC_WARN_UNUSED_VARIABLE = YES;
				MACOSX_DEPLOYMENT_TARGET = 10.10;
				MTL_ENABLE_DEBUG_INFO = NO;
				SDKROOT = macosx;
			};
			name = Release;
		};
		6D832DF61A845BA400B8DB4F /* Debug */ = {
			isa = XCBuildConfiguration;
			buildSettings = {
				PRODUCT_NAME = chapOpenGL_01_firstGL;
			};
			name = Debug;
		};
		6D832DF71A845BA400B8DB4F /* Release */ = {
			isa = XCBuildConfiguration;
			buildSettings = {
				PRODUCT_NAME = chapOpenGL_01_firstGL;
			};
			name = Release;
		};
/* End XCBuildConfiguration section */

/* Begin XCConfigurationList section */
		6D832DE91A845BA400B8DB4F /* Build configuration list for PBXProject "chapOpenGL_01_firstGL" */ = {
			isa = XCConfigurationList;
			buildConfigurations = (
				6D832DF31A845BA400B8DB4F /* Debug */,
				6D832DF41A845BA400B8DB4F /* Release */,
			);
			defaultConfigurationIsVisible = 0;
			defaultConfigurationName = Release;
		};
		6D832DF51A845BA400B8DB4F /* Build configuration list for PBXNativeTarget "chapOpenGL_01_firstGL" */ = {
			isa = XCConfigurationList;
			buildConfigurations = (
				6D832DF61A845BA400B8DB4F /* Debug */,
				6D832DF71A845BA400B8DB4F /* Release */,
			);
			defaultConfigurationIsVisible = 0;
		};
/* End XCConfigurationList section */
	};
	rootObject = 6D832DE61A845BA400B8DB4F /* Project object */;
}
