// !$*UTF8*$!
{
	archiveVersion = 1;
	classes = {
	};
	objectVersion = 46;
	objects = {

/* Begin PBXBuildFile section */
		6DC0A2EF1A8B4C5800EE10AF /* main.cpp in Sources */ = {isa = PBXBuildFile; fileRef = 6DC0A2EE1A8B4C5800EE10AF /* main.cpp */; };
		6DC0A2F71A8B4C6400EE10AF /* GLUT.framework in Frameworks */ = {isa = PBXBuildFile; fileRef = 6DC0A2F51A8B4C6400EE10AF /* GLUT.framework */; };
		6DC0A2F81A8B4C6400EE10AF /* OpenGL.framework in Frameworks */ = {isa = PBXBuildFile; fileRef = 6DC0A2F61A8B4C6400EE10AF /* OpenGL.framework */; };
		6DC0A2FB1A8B4CC300EE10AF /* STBImage.cpp in Sources */ = {isa = PBXBuildFile; fileRef = 6DC0A2F91A8B4CC300EE10AF /* STBImage.cpp */; };
/* End PBXBuildFile section */

/* Begin PBXCopyFilesBuildPhase section */
		6DC0A2E91A8B4C5800EE10AF /* CopyFiles */ = {
			isa = PBXCopyFilesBuildPhase;
			buildActionMask = 2147483647;
			dstPath = /usr/share/man/man1/;
			dstSubfolderSpec = 0;
			files = (
			);
			runOnlyForDeploymentPostprocessing = 1;
		};
/* End PBXCopyFilesBuildPhase section */

/* Begin PBXFileReference section */
		6DC0A2EB1A8B4C5800EE10AF /* chapTexture04_autoTextureCoord */ = {isa = PBXFileReference; explicitFileType = "compiled.mach-o.executable"; includeInIndex = 0; path = chapTexture04_autoTextureCoord; sourceTree = BUILT_PRODUCTS_DIR; };
		6DC0A2EE1A8B4C5800EE10AF /* main.cpp */ = {isa = PBXFileReference; lastKnownFileType = sourcecode.cpp.cpp; path = main.cpp; sourceTree = "<group>"; };
		6DC0A2F51A8B4C6400EE10AF /* GLUT.framework */ = {isa = PBXFileReference; lastKnownFileType = wrapper.framework; name = GLUT.framework; path = System/Library/Frameworks/GLUT.framework; sourceTree = SDKROOT; };
		6DC0A2F61A8B4C6400EE10AF /* OpenGL.framework */ = {isa = PBXFileReference; lastKnownFileType = wrapper.framework; name = OpenGL.framework; path = System/Library/Frameworks/OpenGL.framework; sourceTree = SDKROOT; };
		6DC0A2F91A8B4CC300EE10AF /* STBImage.cpp */ = {isa = PBXFileReference; fileEncoding = 4; lastKnownFileType = sourcecode.cpp.cpp; path = STBImage.cpp; sourceTree = "<group>"; };
		6DC0A2FA1A8B4CC300EE10AF /* STBImage.h */ = {isa = PBXFileReference; fileEncoding = 4; lastKnownFileType = sourcecode.c.h; path = STBImage.h; sourceTree = "<group>"; };
/* End PBXFileReference section */

/* Begin PBXFrameworksBuildPhase section */
		6DC0A2E81A8B4C5800EE10AF /* Frameworks */ = {
			isa = PBXFrameworksBuildPhase;
			buildActionMask = 2147483647;
			files = (
				6DC0A2F71A8B4C6400EE10AF /* GLUT.framework in Frameworks */,
				6DC0A2F81A8B4C6400EE10AF /* OpenGL.framework in Frameworks */,
			);
			runOnlyForDeploymentPostprocessing = 0;
		};
/* End PBXFrameworksBuildPhase section */

/* Begin PBXGroup section */
		6DC0A2E21A8B4C5800EE10AF = {
			isa = PBXGroup;
			children = (
				6DC0A2F51A8B4C6400EE10AF /* GLUT.framework */,
				6DC0A2F61A8B4C6400EE10AF /* OpenGL.framework */,
				6DC0A2ED1A8B4C5800EE10AF /* chapTexture04_autoTextureCoord */,
				6DC0A2EC1A8B4C5800EE10AF /* Products */,
			);
			sourceTree = "<group>";
		};
		6DC0A2EC1A8B4C5800EE10AF /* Products */ = {
			isa = PBXGroup;
			children = (
				6DC0A2EB1A8B4C5800EE10AF /* chapTexture04_autoTextureCoord */,
			);
			name = Products;
			sourceTree = "<group>";
		};
		6DC0A2ED1A8B4C5800EE10AF /* chapTexture04_autoTextureCoord */ = {
			isa = PBXGroup;
			children = (
				6DC0A2F91A8B4CC300EE10AF /* STBImage.cpp */,
				6DC0A2FA1A8B4CC300EE10AF /* STBImage.h */,
				6DC0A2EE1A8B4C5800EE10AF /* main.cpp */,
			);
			path = chapTexture04_autoTextureCoord;
			sourceTree = "<group>";
		};
/* End PBXGroup section */

/* Begin PBXNativeTarget section */
		6DC0A2EA1A8B4C5800EE10AF /* chapTexture04_autoTextureCoord */ = {
			isa = PBXNativeTarget;
			buildConfigurationList = 6DC0A2F21A8B4C5800EE10AF /* Build configuration list for PBXNativeTarget "chapTexture04_autoTextureCoord" */;
			buildPhases = (
				6DC0A2E71A8B4C5800EE10AF /* Sources */,
				6DC0A2E81A8B4C5800EE10AF /* Frameworks */,
				6DC0A2E91A8B4C5800EE10AF /* CopyFiles */,
			);
			buildRules = (
			);
			dependencies = (
			);
			name = chapTexture04_autoTextureCoord;
			productName = chapTexture04_autoTextureCoord;
			productReference = 6DC0A2EB1A8B4C5800EE10AF /* chapTexture04_autoTextureCoord */;
			productType = "com.apple.product-type.tool";
		};
/* End PBXNativeTarget section */

/* Begin PBXProject section */
		6DC0A2E31A8B4C5800EE10AF /* Project object */ = {
			isa = PBXProject;
			attributes = {
				LastUpgradeCheck = 0610;
				ORGANIZATIONNAME = "young-min kang";
				TargetAttributes = {
					6DC0A2EA1A8B4C5800EE10AF = {
						CreatedOnToolsVersion = 6.1.1;
					};
				};
			};
			buildConfigurationList = 6DC0A2E61A8B4C5800EE10AF /* Build configuration list for PBXProject "chapTexture04_autoTextureCoord" */;
			compatibilityVersion = "Xcode 3.2";
			developmentRegion = English;
			hasScannedForEncodings = 0;
			knownRegions = (
				en,
			);
			mainGroup = 6DC0A2E21A8B4C5800EE10AF;
			productRefGroup = 6DC0A2EC1A8B4C5800EE10AF /* Products */;
			projectDirPath = "";
			projectRoot = "";
			targets = (
				6DC0A2EA1A8B4C5800EE10AF /* chapTexture04_autoTextureCoord */,
			);
		};
/* End PBXProject section */

/* Begin PBXSourcesBuildPhase section */
		6DC0A2E71A8B4C5800EE10AF /* Sources */ = {
			isa = PBXSourcesBuildPhase;
			buildActionMask = 2147483647;
			files = (
				6DC0A2EF1A8B4C5800EE10AF /* main.cpp in Sources */,
				6DC0A2FB1A8B4CC300EE10AF /* STBImage.cpp in Sources */,
			);
			runOnlyForDeploymentPostprocessing = 0;
		};
/* End PBXSourcesBuildPhase section */

/* Begin XCBuildConfiguration section */
		6DC0A2F01A8B4C5800EE10AF /* Debug */ = {
			isa = XCBuildConfiguration;
			buildSettings = {
				ALWAYS_SEARCH_USER_PATHS = NO;
				CLANG_CXX_LANGUAGE_STANDARD = "gnu++0x";
				CLANG_CXX_LIBRARY = "libc++";
				CLANG_ENABLE_MODULES = YES;
				CLANG_ENABLE_OBJC_ARC = YES;
				CLANG_WARN_BOOL_CONVERSION = YES;
				CLANG_WARN_CONSTANT_CONVERSION = YES;
				CLANG_WARN_DIRECT_OBJC_ISA_USAGE = YES_ERROR;
				CLANG_WARN_EMPTY_BODY = YES;
				CLANG_WARN_ENUM_CONVERSION = YES;
				CLANG_WARN_INT_CONVERSION = YES;
				CLANG_WARN_OBJC_ROOT_CLASS = YES_ERROR;
				CLANG_WARN_UNREACHABLE_CODE = YES;
				CLANG_WARN__DUPLICATE_METHOD_MATCH = YES;
				COPY_PHASE_STRIP = NO;
				ENABLE_STRICT_OBJC_MSGSEND = YES;
				GCC_C_LANGUAGE_STANDARD = gnu99;
				GCC_DYNAMIC_NO_PIC = NO;
				GCC_OPTIMIZATION_LEVEL = 0;
				GCC_PREPROCESSOR_DEFINITIONS = (
					"DEBUG=1",
					"$(inherited)",
				);
				GCC_SYMBOLS_PRIVATE_EXTERN = NO;
				GCC_WARN_64_TO_32_BIT_CONVERSION = YES;
				GCC_WARN_ABOUT_RETURN_TYPE = YES_ERROR;
				GCC_WARN_UNDECLARED_SELECTOR = YES;
				GCC_WARN_UNINITIALIZED_AUTOS = YES_AGGRESSIVE;
				GCC_WARN_UNUSED_FUNCTION = YES;
				GCC_WARN_UNUSED_VARIABLE = YES;
				MACOSX_DEPLOYMENT_TARGET = 10.10;
				MTL_ENABLE_DEBUG_INFO = YES;
				ONLY_ACTIVE_ARCH = YES;
				SDKROOT = macosx;
			};
			name = Debug;
		};
		6DC0A2F11A8B4C5800EE10AF /* Release */ = {
			isa = XCBuildConfiguration;
			buildSettings = {
				ALWAYS_SEARCH_USER_PATHS = NO;
				CLANG_CXX_LANGUAGE_STANDARD = "gnu++0x";
				CLANG_CXX_LIBRARY = "libc++";
				CLANG_ENABLE_MODULES = YES;
				CLANG_ENABLE_OBJC_ARC = YES;
				CLANG_WARN_BOOL_CONVERSION = YES;
				CLANG_WARN_CONSTANT_CONVERSION = YES;
				CLANG_WARN_DIRECT_OBJC_ISA_USAGE = YES_ERROR;
				CLANG_WARN_EMPTY_BODY = YES;
				CLANG_WARN_ENUM_CONVERSION = YES;
				CLANG_WARN_INT_CONVERSION = YES;
				CLANG_WARN_OBJC_ROOT_CLASS = YES_ERROR;
				CLANG_WARN_UNREACHABLE_CODE = YES;
				CLANG_WARN__DUPLICATE_METHOD_MATCH = YES;
				COPY_PHASE_STRIP = YES;
				DEBUG_INFORMATION_FORMAT = "dwarf-with-dsym";
				ENABLE_NS_ASSERTIONS = NO;
				ENABLE_STRICT_OBJC_MSGSEND = YES;
				GCC_C_LANGUAGE_STANDARD = gnu99;
				GCC_WARN_64_TO_32_BIT_CONVERSION = YES;
				GCC_WARN_ABOUT_RETURN_TYPE = YES_ERROR;
				GCC_WARN_UNDECLARED_SELECTOR = YES;
				GCC_WARN_UNINITIALIZED_AUTOS = YES_AGGRESSIVE;
				GCC_WARN_UNUSED_FUNCTION = YES;
				GCC_WARN_UNUSED_VARIABLE = YES;
				MACOSX_DEPLOYMENT_TARGET = 10.10;
				MTL_ENABLE_DEBUG_INFO = NO;
				SDKROOT = macosx;
			};
			name = Release;
		};
		6DC0A2F31A8B4C5800EE10AF /* Debug */ = {
			isa = XCBuildConfiguration;
			buildSettings = {
				PRODUCT_NAME = "$(TARGET_NAME)";
			};
			name = Debug;
		};
		6DC0A2F41A8B4C5800EE10AF /* Release */ = {
			isa = XCBuildConfiguration;
			buildSettings = {
				PRODUCT_NAME = "$(TARGET_NAME)";
			};
			name = Release;
		};
/* End XCBuildConfiguration section */

/* Begin XCConfigurationList section */
		6DC0A2E61A8B4C5800EE10AF /* Build configuration list for PBXProject "chapTexture04_autoTextureCoord" */ = {
			isa = XCConfigurationList;
			buildConfigurations = (
				6DC0A2F01A8B4C5800EE10AF /* Debug */,
				6DC0A2F11A8B4C5800EE10AF /* Release */,
			);
			defaultConfigurationIsVisible = 0;
			defaultConfigurationName = Release;
		};
		6DC0A2F21A8B4C5800EE10AF /* Build configuration list for PBXNativeTarget "chapTexture04_autoTextureCoord" */ = {
			isa = XCConfigurationList;
			buildConfigurations = (
				6DC0A2F31A8B4C5800EE10AF /* Debug */,
				6DC0A2F41A8B4C5800EE10AF /* Release */,
			);
			defaultConfigurationIsVisible = 0;
		};
/* End XCConfigurationList section */
	};
	rootObject = 6DC0A2E31A8B4C5800EE10AF /* Project object */;
}
